PODS:
  - Alamofire (4.6.0)
  - Nimble (7.0.3)
  - paybear-ios (1.0.2):
    - Alamofire
  - Quick (1.2.0)

DEPENDENCIES:
  - Nimble
  - paybear-ios (from `../`)
  - Quick

EXTERNAL SOURCES:
  paybear-ios:
    :path: ../

SPEC CHECKSUMS:
  Alamofire: f41a599bd63041760b26d393ec1069d9d7b917f4
  Nimble: 7f5a9c447a33002645a071bddafbfb24ea70e0ac
  paybear-ios: 6fccf9f9d146d46c4b1ad0fc57bba90b99c184d8
  Quick: 58d203b1c5e27fff7229c4c1ae445ad7069a7a08

PODFILE CHECKSUM: 01fe407014fbf7f8a02ff536f0365ebd585fe5a8

COCOAPODS: 1.4.0
